
Microsoft Visual Studio Solution File, Format Version 12.00
# Visual Studio Version 17
VisualStudioVersion = 17.14.36408.4
MinimumVisualStudioVersion = 10.0.40219.1
Project("{FAE04EC0-301F-11D3-BF4B-00C04F79EFBC}") = "WebPageDownloader", "WebPageDownloader\WebPageDownloader.csproj", "{5968F281-113C-478D-B7DF-A2AA0BEE5F9C}"
EndProject
Project("{FAE04EC0-301F-11D3-BF4B-00C04F79EFBC}") = "WebPageDownloader.Core", "WebPageDownloader.Core\WebPageDownloader.Core.csproj", "{333F13D0-FE87-4463-8CE2-6F664546EAB0}"
EndProject
Project("{FAE04EC0-301F-11D3-BF4B-00C04F79EFBC}") = "WebPageDownloader.Tests", "WebPageDownloader.Tests\WebPageDownloader.Tests.csproj", "{7900CD48-CB01-4EB4-B680-865063E145AB}"
EndProject
Global
	GlobalSection(SolutionConfigurationPlatforms) = preSolution
		Debug|Any CPU = Debug|Any CPU
		Debug|x64 = Debug|x64
		Debug|x86 = Debug|x86
		Release|Any CPU = Release|Any CPU
		Release|x64 = Release|x64
		Release|x86 = Release|x86
	EndGlobalSection
	GlobalSection(ProjectConfigurationPlatforms) = postSolution
		{5968F281-113C-478D-B7DF-A2AA0BEE5F9C}.Debug|Any CPU.ActiveCfg = Debug|Any CPU
		{5968F281-113C-478D-B7DF-A2AA0BEE5F9C}.Debug|Any CPU.Build.0 = Debug|Any CPU
		{5968F281-113C-478D-B7DF-A2AA0BEE5F9C}.Debug|x64.ActiveCfg = Debug|Any CPU
		{5968F281-113C-478D-B7DF-A2AA0BEE5F9C}.Debug|x64.Build.0 = Debug|Any CPU
		{5968F281-113C-478D-B7DF-A2AA0BEE5F9C}.Debug|x86.ActiveCfg = Debug|Any CPU
		{5968F281-113C-478D-B7DF-A2AA0BEE5F9C}.Debug|x86.Build.0 = Debug|Any CPU
		{5968F281-113C-478D-B7DF-A2AA0BEE5F9C}.Release|Any CPU.ActiveCfg = Release|Any CPU
		{5968F281-113C-478D-B7DF-A2AA0BEE5F9C}.Release|Any CPU.Build.0 = Release|Any CPU
		{5968F281-113C-478D-B7DF-A2AA0BEE5F9C}.Release|x64.ActiveCfg = Release|Any CPU
		{5968F281-113C-478D-B7DF-A2AA0BEE5F9C}.Release|x64.Build.0 = Release|Any CPU
		{5968F281-113C-478D-B7DF-A2AA0BEE5F9C}.Release|x86.ActiveCfg = Release|Any CPU
		{5968F281-113C-478D-B7DF-A2AA0BEE5F9C}.Release|x86.Build.0 = Release|Any CPU
		{333F13D0-FE87-4463-8CE2-6F664546EAB0}.Debug|Any CPU.ActiveCfg = Debug|Any CPU
		{333F13D0-FE87-4463-8CE2-6F664546EAB0}.Debug|Any CPU.Build.0 = Debug|Any CPU
		{333F13D0-FE87-4463-8CE2-6F664546EAB0}.Debug|x64.ActiveCfg = Debug|Any CPU
		{333F13D0-FE87-4463-8CE2-6F664546EAB0}.Debug|x64.Build.0 = Debug|Any CPU
		{333F13D0-FE87-4463-8CE2-6F664546EAB0}.Debug|x86.ActiveCfg = Debug|Any CPU
		{333F13D0-FE87-4463-8CE2-6F664546EAB0}.Debug|x86.Build.0 = Debug|Any CPU
		{333F13D0-FE87-4463-8CE2-6F664546EAB0}.Release|Any CPU.ActiveCfg = Release|Any CPU
		{333F13D0-FE87-4463-8CE2-6F664546EAB0}.Release|Any CPU.Build.0 = Release|Any CPU
		{333F13D0-FE87-4463-8CE2-6F664546EAB0}.Release|x64.ActiveCfg = Release|Any CPU
		{333F13D0-FE87-4463-8CE2-6F664546EAB0}.Release|x64.Build.0 = Release|Any CPU
		{333F13D0-FE87-4463-8CE2-6F664546EAB0}.Release|x86.ActiveCfg = Release|Any CPU
		{333F13D0-FE87-4463-8CE2-6F664546EAB0}.Release|x86.Build.0 = Release|Any CPU
		{7900CD48-CB01-4EB4-B680-865063E145AB}.Debug|Any CPU.ActiveCfg = Debug|Any CPU
		{7900CD48-CB01-4EB4-B680-865063E145AB}.Debug|Any CPU.Build.0 = Debug|Any CPU
		{7900CD48-CB01-4EB4-B680-865063E145AB}.Debug|x64.ActiveCfg = Debug|Any CPU
		{7900CD48-CB01-4EB4-B680-865063E145AB}.Debug|x64.Build.0 = Debug|Any CPU
		{7900CD48-CB01-4EB4-B680-865063E145AB}.Debug|x86.ActiveCfg = Debug|Any CPU
		{7900CD48-CB01-4EB4-B680-865063E145AB}.Debug|x86.Build.0 = Debug|Any CPU
		{7900CD48-CB01-4EB4-B680-865063E145AB}.Release|Any CPU.ActiveCfg = Release|Any CPU
		{7900CD48-CB01-4EB4-B680-865063E145AB}.Release|Any CPU.Build.0 = Release|Any CPU
		{7900CD48-CB01-4EB4-B680-865063E145AB}.Release|x64.ActiveCfg = Release|Any CPU
		{7900CD48-CB01-4EB4-B680-865063E145AB}.Release|x64.Build.0 = Release|Any CPU
		{7900CD48-CB01-4EB4-B680-865063E145AB}.Release|x86.ActiveCfg = Release|Any CPU
		{7900CD48-CB01-4EB4-B680-865063E145AB}.Release|x86.Build.0 = Release|Any CPU
	EndGlobalSection
	GlobalSection(SolutionProperties) = preSolution
		HideSolutionNode = FALSE
	EndGlobalSection
	GlobalSection(ExtensibilityGlobals) = postSolution
		SolutionGuid = {ABCE550E-BA39-49E4-AC63-12582D57D58F}
	EndGlobalSection
EndGlobal
